
Microsoft Visual Studio Solution File, Format Version 12.00
# Visual Studio Version 17
VisualStudioVersion = 17.4.33213.308
MinimumVisualStudioVersion = 10.0.40219.1
Project("{FAE04EC0-301F-11D3-BF4B-00C04F79EFBC}") = "OpenClosedPrinciple", "OpenClosedPrinciple\OpenClosedPrinciple.csproj", "{5D61BC65-9100-43E7-85B2-6E0D8A7CE07F}"
EndProject
Global
	GlobalSection(SolutionConfigurationPlatforms) = preSolution
		Debug|Any CPU = Debug|Any CPU
		Release|Any CPU = Release|Any CPU
	EndGlobalSection
	GlobalSection(ProjectConfigurationPlatforms) = postSolution
		{5D61BC65-9100-43E7-85B2-6E0D8A7CE07F}.Debug|Any CPU.ActiveCfg = Debug|Any CPU
		{5D61BC65-9100-43E7-85B2-6E0D8A7CE07F}.Debug|Any CPU.Build.0 = Debug|Any CPU
		{5D61BC65-9100-43E7-85B2-6E0D8A7CE07F}.Release|Any CPU.ActiveCfg = Release|Any CPU
		{5D61BC65-9100-43E7-85B2-6E0D8A7CE07F}.Release|Any CPU.Build.0 = Release|Any CPU
	EndGlobalSection
	GlobalSection(SolutionProperties) = preSolution
		HideSolutionNode = FALSE
	EndGlobalSection
	GlobalSection(ExtensibilityGlobals) = postSolution
		SolutionGuid = {AA06AE19-C69B-4FDF-8486-3A2F56F16BB2}
	EndGlobalSection
EndGlobal
