
Microsoft Visual Studio Solution File, Format Version 12.00
# Visual Studio Version 17
VisualStudioVersion = 17.4.33213.308
MinimumVisualStudioVersion = 10.0.40219.1
Project("{FAE04EC0-301F-11D3-BF4B-00C04F79EFBC}") = "InterfaceSegregationPrinciple", "InterfaceSegregationPrinciple\InterfaceSegregationPrinciple.csproj", "{25281DF4-D1B5-41D9-9E57-3BECA5030827}"
EndProject
Global
	GlobalSection(SolutionConfigurationPlatforms) = preSolution
		Debug|Any CPU = Debug|Any CPU
		Release|Any CPU = Release|Any CPU
	EndGlobalSection
	GlobalSection(ProjectConfigurationPlatforms) = postSolution
		{25281DF4-D1B5-41D9-9E57-3BECA5030827}.Debug|Any CPU.ActiveCfg = Debug|Any CPU
		{25281DF4-D1B5-41D9-9E57-3BECA5030827}.Debug|Any CPU.Build.0 = Debug|Any CPU
		{25281DF4-D1B5-41D9-9E57-3BECA5030827}.Release|Any CPU.ActiveCfg = Release|Any CPU
		{25281DF4-D1B5-41D9-9E57-3BECA5030827}.Release|Any CPU.Build.0 = Release|Any CPU
	EndGlobalSection
	GlobalSection(SolutionProperties) = preSolution
		HideSolutionNode = FALSE
	EndGlobalSection
	GlobalSection(ExtensibilityGlobals) = postSolution
		SolutionGuid = {C4DE0742-C3A7-4FFE-B287-6F09E4142150}
	EndGlobalSection
EndGlobal
